
Microsoft Visual Studio Solution File, Format Version 12.00
# Visual Studio Version 17
VisualStudioVersion = 17.0.31903.59
MinimumVisualStudioVersion = 10.0.40219.1
Project("{2150E333-8FDC-42A3-9474-1A3956D46DE8}") = "src", "src", "{827E0CD3-B72D-47B6-A68D-7590B98EB39B}"
EndProject
Project("{FAE04EC0-301F-11D3-BF4B-00C04F79EFBC}") = "SaasKit.SharedKernel", "src\SaasKit.SharedKernel\SaasKit.SharedKernel.csproj", "{8B28D705-1831-4F10-9428-F6195237508D}"
EndProject
Project("{FAE04EC0-301F-11D3-BF4B-00C04F79EFBC}") = "SaasKit.Infrastructure", "src\SaasKit.Infrastructure\SaasKit.Infrastructure.csproj", "{100BE36E-3591-47F3-B573-9EE289E28180}"
EndProject
Project("{FAE04EC0-301F-11D3-BF4B-00C04F79EFBC}") = "SaasKit.Api", "src\SaasKit.Api\SaasKit.Api.csproj", "{AACC14F7-4AAC-42E1-8D6D-9A3838424D74}"
EndProject
Project("{2150E333-8FDC-42A3-9474-1A3956D46DE8}") = "tests", "tests", "{0AB3BF05-4346-4AA6-1389-037BE0695223}"
EndProject
Project("{FAE04EC0-301F-11D3-BF4B-00C04F79EFBC}") = "SaasKit.Tests.Unit", "tests\SaasKit.Tests.Unit\SaasKit.Tests.Unit.csproj", "{42272EB0-B2A4-4E0D-8678-F9F408C6AF2A}"
EndProject
Project("{FAE04EC0-301F-11D3-BF4B-00C04F79EFBC}") = "SaasKit.Tests.Integration", "tests\SaasKit.Tests.Integration\SaasKit.Tests.Integration.csproj", "{2A5DCC5C-49F4-48C1-85AD-2AEA43439E8C}"
EndProject
Project("{2150E333-8FDC-42A3-9474-1A3956D46DE8}") = "Modules", "Modules", "{EC447DCF-ABFA-6E24-52A5-D7FD48A5C558}"
EndProject
Project("{2150E333-8FDC-42A3-9474-1A3956D46DE8}") = "Identity", "Identity", "{0EC62A1A-9858-3A60-8A0C-FC9AACFA2EC7}"
EndProject
Project("{FAE04EC0-301F-11D3-BF4B-00C04F79EFBC}") = "Identity.Contracts", "src\Modules\Identity\Identity.Contracts\Identity.Contracts.csproj", "{3AA652DE-D902-4292-9A92-5C18D3358FC4}"
EndProject
Project("{FAE04EC0-301F-11D3-BF4B-00C04F79EFBC}") = "Identity.Core", "src\Modules\Identity\Identity.Core\Identity.Core.csproj", "{A2E1681E-BAAA-44C2-A957-0EE66DAE5F19}"
EndProject
Project("{2150E333-8FDC-42A3-9474-1A3956D46DE8}") = "Audit", "Audit", "{B7504168-2F66-9EF4-E8D7-36B98062A6F8}"
EndProject
Project("{FAE04EC0-301F-11D3-BF4B-00C04F79EFBC}") = "Audit.Contracts", "src\Modules\Audit\Audit.Contracts\Audit.Contracts.csproj", "{597614D3-8E99-422C-9F00-D8854003283F}"
EndProject
Project("{FAE04EC0-301F-11D3-BF4B-00C04F79EFBC}") = "Audit.Core", "src\Modules\Audit\Audit.Core\Audit.Core.csproj", "{16D6F62C-BD9A-4941-AE23-EF4131C86363}"
EndProject
Project("{2150E333-8FDC-42A3-9474-1A3956D46DE8}") = "Tenancy", "Tenancy", "{4229EDB8-0862-B55E-9945-90D59FE8EB87}"
EndProject
Project("{FAE04EC0-301F-11D3-BF4B-00C04F79EFBC}") = "Tenancy.Contracts", "src\Modules\Tenancy\Tenancy.Contracts\Tenancy.Contracts.csproj", "{0C71C21D-7575-4CF4-9155-9C5467C318CD}"
EndProject
Project("{FAE04EC0-301F-11D3-BF4B-00C04F79EFBC}") = "Tenancy.Core", "src\Modules\Tenancy\Tenancy.Core\Tenancy.Core.csproj", "{5F0796F0-14FA-45B5-81C0-AE10D1CB66E4}"
EndProject
Project("{2150E333-8FDC-42A3-9474-1A3956D46DE8}") = "FeatureFlags", "FeatureFlags", "{19098D0F-33B3-953B-7C0B-D2B90D043C17}"
EndProject
Project("{FAE04EC0-301F-11D3-BF4B-00C04F79EFBC}") = "FeatureFlags.Core", "src\Modules\FeatureFlags\FeatureFlags.Core\FeatureFlags.Core.csproj", "{27B53331-3333-43CA-A886-A6BCF50C4B2C}"
EndProject
Project("{FAE04EC0-301F-11D3-BF4B-00C04F79EFBC}") = "FeatureFlags.Contracts", "src\Modules\FeatureFlags\FeatureFlags.Contracts\FeatureFlags.Contracts.csproj", "{B09B651B-6AD7-4E23-9F80-7FB8DD4A65E7}"
EndProject
Project("{2150E333-8FDC-42A3-9474-1A3956D46DE8}") = "Authorization", "Authorization", "{F42B3E00-4F73-8B85-4DDB-8C5A8165D620}"
EndProject
Project("{FAE04EC0-301F-11D3-BF4B-00C04F79EFBC}") = "Authorization.Contracts", "src\Modules\Authorization\Authorization.Contracts\Authorization.Contracts.csproj", "{7789D2E4-E75C-43A3-B3F9-787F902922F2}"
EndProject
Project("{FAE04EC0-301F-11D3-BF4B-00C04F79EFBC}") = "Authorization.Core", "src\Modules\Authorization\Authorization.Core\Authorization.Core.csproj", "{D2B972C3-6D1E-4D88-89C6-3D50742A827A}"
EndProject
Project("{2150E333-8FDC-42A3-9474-1A3956D46DE8}") = "Content", "Content", "{D2F8383C-F49B-E551-32D9-8814458A6CFF}"
EndProject
Project("{FAE04EC0-301F-11D3-BF4B-00C04F79EFBC}") = "Content.Core", "src\Modules\Content\Content.Core\Content.Core.csproj", "{8FEECE8C-6C1D-4CDC-B806-A61D5260C278}"
EndProject
Project("{FAE04EC0-301F-11D3-BF4B-00C04F79EFBC}") = "Content.Contracts", "src\Modules\Content\Content.Contracts\Content.Contracts.csproj", "{FC3164AA-33D3-480D-BD84-44F1A50FBBCD}"
EndProject
Project("{2150E333-8FDC-42A3-9474-1A3956D46DE8}") = "Portal", "Portal", "{76F4B35A-831F-1921-2B2A-A16DE0C27185}"
EndProject
Project("{FAE04EC0-301F-11D3-BF4B-00C04F79EFBC}") = "Portal.Contracts", "src\Modules\Portal\Portal.Contracts\Portal.Contracts.csproj", "{5368FEBF-9C29-45D3-ADCF-1E96C0C8E58B}"
EndProject
Project("{FAE04EC0-301F-11D3-BF4B-00C04F79EFBC}") = "Portal.Core", "src\Modules\Portal\Portal.Core\Portal.Core.csproj", "{0021019F-36EB-4AC5-8E72-8A1261A55091}"
EndProject
Project("{2150E333-8FDC-42A3-9474-1A3956D46DE8}") = "Analytics", "Analytics", "{DA0A0FAD-B77D-FDD6-35C5-001386650F99}"
EndProject
Project("{FAE04EC0-301F-11D3-BF4B-00C04F79EFBC}") = "Analytics.Contracts", "src\Modules\Analytics\Analytics.Contracts\Analytics.Contracts.csproj", "{8B6688ED-62D7-4299-AED3-7BCF426D1931}"
EndProject
Project("{FAE04EC0-301F-11D3-BF4B-00C04F79EFBC}") = "Analytics.Core", "src\Modules\Analytics\Analytics.Core\Analytics.Core.csproj", "{BF82AD16-94D9-4F7D-A146-60265854732C}"
EndProject
Project("{2150E333-8FDC-42A3-9474-1A3956D46DE8}") = "Notification", "Notification", "{4F8133DB-A301-0A1E-3DDE-929E67CC9B96}"
EndProject
Project("{FAE04EC0-301F-11D3-BF4B-00C04F79EFBC}") = "Notification.Core", "src\Modules\Notification\Notification.Core\Notification.Core.csproj", "{F0E41192-87EE-4A6C-B5CC-B241144B6C77}"
EndProject
Project("{FAE04EC0-301F-11D3-BF4B-00C04F79EFBC}") = "Notification.Contracts", "src\Modules\Notification\Notification.Contracts\Notification.Contracts.csproj", "{7920C6D2-B3FE-437F-88C8-20799841708B}"
EndProject
Project("{2150E333-8FDC-42A3-9474-1A3956D46DE8}") = "Subscription", "Subscription", "{400B2D50-D1BD-77E0-9E53-81A959DA81A3}"
EndProject
Project("{FAE04EC0-301F-11D3-BF4B-00C04F79EFBC}") = "Subscription.Contracts", "src\Modules\Subscription\Subscription.Contracts\Subscription.Contracts.csproj", "{D9847D91-1358-485A-9288-5F2E34822E10}"
EndProject
Project("{FAE04EC0-301F-11D3-BF4B-00C04F79EFBC}") = "Subscription.Core", "src\Modules\Subscription\Subscription.Core\Subscription.Core.csproj", "{1DF34617-4F59-4A31-B2A0-FD4B06978C23}"
EndProject
Project("{2150E333-8FDC-42A3-9474-1A3956D46DE8}") = "ApiManagement", "ApiManagement", "{56E5D90E-91E3-9941-B8CA-D2F7A0F8799E}"
EndProject
Project("{FAE04EC0-301F-11D3-BF4B-00C04F79EFBC}") = "ApiManagement.Core", "src\Modules\ApiManagement\ApiManagement.Core\ApiManagement.Core.csproj", "{6C8139FD-313D-405D-9125-046D9D2758AF}"
EndProject
Project("{FAE04EC0-301F-11D3-BF4B-00C04F79EFBC}") = "ApiManagement.Contracts", "src\Modules\ApiManagement\ApiManagement.Contracts\ApiManagement.Contracts.csproj", "{0768D739-49D1-45BA-9654-A5A79DF17CE4}"
EndProject
Project("{2150E333-8FDC-42A3-9474-1A3956D46DE8}") = "_Template", "_Template", "{3E4EA8C9-6738-911E-831A-7A87CA4E0601}"
EndProject
Project("{FAE04EC0-301F-11D3-BF4B-00C04F79EFBC}") = "_Template.Contracts", "src\Modules\_Template\_Template.Contracts\_Template.Contracts.csproj", "{53F9D2DA-36AB-4AF4-9B8C-0F88686C2C0F}"
EndProject
Project("{FAE04EC0-301F-11D3-BF4B-00C04F79EFBC}") = "_Template.Core", "src\Modules\_Template\_Template.Core\_Template.Core.csproj", "{24D1D087-463E-4614-B124-8CC22132BE59}"
EndProject
Global
	GlobalSection(SolutionConfigurationPlatforms) = preSolution
		Debug|Any CPU = Debug|Any CPU
		Debug|x64 = Debug|x64
		Debug|x86 = Debug|x86
		Release|Any CPU = Release|Any CPU
		Release|x64 = Release|x64
		Release|x86 = Release|x86
	EndGlobalSection
	GlobalSection(ProjectConfigurationPlatforms) = postSolution
		{8B28D705-1831-4F10-9428-F6195237508D}.Debug|Any CPU.ActiveCfg = Debug|Any CPU
		{8B28D705-1831-4F10-9428-F6195237508D}.Debug|Any CPU.Build.0 = Debug|Any CPU
		{8B28D705-1831-4F10-9428-F6195237508D}.Debug|x64.ActiveCfg = Debug|Any CPU
		{8B28D705-1831-4F10-9428-F6195237508D}.Debug|x64.Build.0 = Debug|Any CPU
		{8B28D705-1831-4F10-9428-F6195237508D}.Debug|x86.ActiveCfg = Debug|Any CPU
		{8B28D705-1831-4F10-9428-F6195237508D}.Debug|x86.Build.0 = Debug|Any CPU
		{8B28D705-1831-4F10-9428-F6195237508D}.Release|Any CPU.ActiveCfg = Release|Any CPU
		{8B28D705-1831-4F10-9428-F6195237508D}.Release|Any CPU.Build.0 = Release|Any CPU
		{8B28D705-1831-4F10-9428-F6195237508D}.Release|x64.ActiveCfg = Release|Any CPU
		{8B28D705-1831-4F10-9428-F6195237508D}.Release|x64.Build.0 = Release|Any CPU
		{8B28D705-1831-4F10-9428-F6195237508D}.Release|x86.ActiveCfg = Release|Any CPU
		{8B28D705-1831-4F10-9428-F6195237508D}.Release|x86.Build.0 = Release|Any CPU
		{100BE36E-3591-47F3-B573-9EE289E28180}.Debug|Any CPU.ActiveCfg = Debug|Any CPU
		{100BE36E-3591-47F3-B573-9EE289E28180}.Debug|Any CPU.Build.0 = Debug|Any CPU
		{100BE36E-3591-47F3-B573-9EE289E28180}.Debug|x64.ActiveCfg = Debug|Any CPU
		{100BE36E-3591-47F3-B573-9EE289E28180}.Debug|x64.Build.0 = Debug|Any CPU
		{100BE36E-3591-47F3-B573-9EE289E28180}.Debug|x86.ActiveCfg = Debug|Any CPU
		{100BE36E-3591-47F3-B573-9EE289E28180}.Debug|x86.Build.0 = Debug|Any CPU
		{100BE36E-3591-47F3-B573-9EE289E28180}.Release|Any CPU.ActiveCfg = Release|Any CPU
		{100BE36E-3591-47F3-B573-9EE289E28180}.Release|Any CPU.Build.0 = Release|Any CPU
		{100BE36E-3591-47F3-B573-9EE289E28180}.Release|x64.ActiveCfg = Release|Any CPU
		{100BE36E-3591-47F3-B573-9EE289E28180}.Release|x64.Build.0 = Release|Any CPU
		{100BE36E-3591-47F3-B573-9EE289E28180}.Release|x86.ActiveCfg = Release|Any CPU
		{100BE36E-3591-47F3-B573-9EE289E28180}.Release|x86.Build.0 = Release|Any CPU
		{AACC14F7-4AAC-42E1-8D6D-9A3838424D74}.Debug|Any CPU.ActiveCfg = Debug|Any CPU
		{AACC14F7-4AAC-42E1-8D6D-9A3838424D74}.Debug|Any CPU.Build.0 = Debug|Any CPU
		{AACC14F7-4AAC-42E1-8D6D-9A3838424D74}.Debug|x64.ActiveCfg = Debug|Any CPU
		{AACC14F7-4AAC-42E1-8D6D-9A3838424D74}.Debug|x64.Build.0 = Debug|Any CPU
		{AACC14F7-4AAC-42E1-8D6D-9A3838424D74}.Debug|x86.ActiveCfg = Debug|Any CPU
		{AACC14F7-4AAC-42E1-8D6D-9A3838424D74}.Debug|x86.Build.0 = Debug|Any CPU
		{AACC14F7-4AAC-42E1-8D6D-9A3838424D74}.Release|Any CPU.ActiveCfg = Release|Any CPU
		{AACC14F7-4AAC-42E1-8D6D-9A3838424D74}.Release|Any CPU.Build.0 = Release|Any CPU
		{AACC14F7-4AAC-42E1-8D6D-9A3838424D74}.Release|x64.ActiveCfg = Release|Any CPU
		{AACC14F7-4AAC-42E1-8D6D-9A3838424D74}.Release|x64.Build.0 = Release|Any CPU
		{AACC14F7-4AAC-42E1-8D6D-9A3838424D74}.Release|x86.ActiveCfg = Release|Any CPU
		{AACC14F7-4AAC-42E1-8D6D-9A3838424D74}.Release|x86.Build.0 = Release|Any CPU
		{42272EB0-B2A4-4E0D-8678-F9F408C6AF2A}.Debug|Any CPU.ActiveCfg = Debug|Any CPU
		{42272EB0-B2A4-4E0D-8678-F9F408C6AF2A}.Debug|Any CPU.Build.0 = Debug|Any CPU
		{42272EB0-B2A4-4E0D-8678-F9F408C6AF2A}.Debug|x64.ActiveCfg = Debug|Any CPU
		{42272EB0-B2A4-4E0D-8678-F9F408C6AF2A}.Debug|x64.Build.0 = Debug|Any CPU
		{42272EB0-B2A4-4E0D-8678-F9F408C6AF2A}.Debug|x86.ActiveCfg = Debug|Any CPU
		{42272EB0-B2A4-4E0D-8678-F9F408C6AF2A}.Debug|x86.Build.0 = Debug|Any CPU
		{42272EB0-B2A4-4E0D-8678-F9F408C6AF2A}.Release|Any CPU.ActiveCfg = Release|Any CPU
		{42272EB0-B2A4-4E0D-8678-F9F408C6AF2A}.Release|Any CPU.Build.0 = Release|Any CPU
		{42272EB0-B2A4-4E0D-8678-F9F408C6AF2A}.Release|x64.ActiveCfg = Release|Any CPU
		{42272EB0-B2A4-4E0D-8678-F9F408C6AF2A}.Release|x64.Build.0 = Release|Any CPU
		{42272EB0-B2A4-4E0D-8678-F9F408C6AF2A}.Release|x86.ActiveCfg = Release|Any CPU
		{42272EB0-B2A4-4E0D-8678-F9F408C6AF2A}.Release|x86.Build.0 = Release|Any CPU
		{2A5DCC5C-49F4-48C1-85AD-2AEA43439E8C}.Debug|Any CPU.ActiveCfg = Debug|Any CPU
		{2A5DCC5C-49F4-48C1-85AD-2AEA43439E8C}.Debug|Any CPU.Build.0 = Debug|Any CPU
		{2A5DCC5C-49F4-48C1-85AD-2AEA43439E8C}.Debug|x64.ActiveCfg = Debug|Any CPU
		{2A5DCC5C-49F4-48C1-85AD-2AEA43439E8C}.Debug|x64.Build.0 = Debug|Any CPU
		{2A5DCC5C-49F4-48C1-85AD-2AEA43439E8C}.Debug|x86.ActiveCfg = Debug|Any CPU
		{2A5DCC5C-49F4-48C1-85AD-2AEA43439E8C}.Debug|x86.Build.0 = Debug|Any CPU
		{2A5DCC5C-49F4-48C1-85AD-2AEA43439E8C}.Release|Any CPU.ActiveCfg = Release|Any CPU
		{2A5DCC5C-49F4-48C1-85AD-2AEA43439E8C}.Release|Any CPU.Build.0 = Release|Any CPU
		{2A5DCC5C-49F4-48C1-85AD-2AEA43439E8C}.Release|x64.ActiveCfg = Release|Any CPU
		{2A5DCC5C-49F4-48C1-85AD-2AEA43439E8C}.Release|x64.Build.0 = Release|Any CPU
		{2A5DCC5C-49F4-48C1-85AD-2AEA43439E8C}.Release|x86.ActiveCfg = Release|Any CPU
		{2A5DCC5C-49F4-48C1-85AD-2AEA43439E8C}.Release|x86.Build.0 = Release|Any CPU
		{3AA652DE-D902-4292-9A92-5C18D3358FC4}.Debug|Any CPU.ActiveCfg = Debug|Any CPU
		{3AA652DE-D902-4292-9A92-5C18D3358FC4}.Debug|Any CPU.Build.0 = Debug|Any CPU
		{3AA652DE-D902-4292-9A92-5C18D3358FC4}.Debug|x64.ActiveCfg = Debug|Any CPU
		{3AA652DE-D902-4292-9A92-5C18D3358FC4}.Debug|x64.Build.0 = Debug|Any CPU
		{3AA652DE-D902-4292-9A92-5C18D3358FC4}.Debug|x86.ActiveCfg = Debug|Any CPU
		{3AA652DE-D902-4292-9A92-5C18D3358FC4}.Debug|x86.Build.0 = Debug|Any CPU
		{3AA652DE-D902-4292-9A92-5C18D3358FC4}.Release|Any CPU.ActiveCfg = Release|Any CPU
		{3AA652DE-D902-4292-9A92-5C18D3358FC4}.Release|Any CPU.Build.0 = Release|Any CPU
		{3AA652DE-D902-4292-9A92-5C18D3358FC4}.Release|x64.ActiveCfg = Release|Any CPU
		{3AA652DE-D902-4292-9A92-5C18D3358FC4}.Release|x64.Build.0 = Release|Any CPU
		{3AA652DE-D902-4292-9A92-5C18D3358FC4}.Release|x86.ActiveCfg = Release|Any CPU
		{3AA652DE-D902-4292-9A92-5C18D3358FC4}.Release|x86.Build.0 = Release|Any CPU
		{A2E1681E-BAAA-44C2-A957-0EE66DAE5F19}.Debug|Any CPU.ActiveCfg = Debug|Any CPU
		{A2E1681E-BAAA-44C2-A957-0EE66DAE5F19}.Debug|Any CPU.Build.0 = Debug|Any CPU
		{A2E1681E-BAAA-44C2-A957-0EE66DAE5F19}.Debug|x64.ActiveCfg = Debug|Any CPU
		{A2E1681E-BAAA-44C2-A957-0EE66DAE5F19}.Debug|x64.Build.0 = Debug|Any CPU
		{A2E1681E-BAAA-44C2-A957-0EE66DAE5F19}.Debug|x86.ActiveCfg = Debug|Any CPU
		{A2E1681E-BAAA-44C2-A957-0EE66DAE5F19}.Debug|x86.Build.0 = Debug|Any CPU
		{A2E1681E-BAAA-44C2-A957-0EE66DAE5F19}.Release|Any CPU.ActiveCfg = Release|Any CPU
		{A2E1681E-BAAA-44C2-A957-0EE66DAE5F19}.Release|Any CPU.Build.0 = Release|Any CPU
		{A2E1681E-BAAA-44C2-A957-0EE66DAE5F19}.Release|x64.ActiveCfg = Release|Any CPU
		{A2E1681E-BAAA-44C2-A957-0EE66DAE5F19}.Release|x64.Build.0 = Release|Any CPU
		{A2E1681E-BAAA-44C2-A957-0EE66DAE5F19}.Release|x86.ActiveCfg = Release|Any CPU
		{A2E1681E-BAAA-44C2-A957-0EE66DAE5F19}.Release|x86.Build.0 = Release|Any CPU
		{597614D3-8E99-422C-9F00-D8854003283F}.Debug|Any CPU.ActiveCfg = Debug|Any CPU
		{597614D3-8E99-422C-9F00-D8854003283F}.Debug|Any CPU.Build.0 = Debug|Any CPU
		{597614D3-8E99-422C-9F00-D8854003283F}.Debug|x64.ActiveCfg = Debug|Any CPU
		{597614D3-8E99-422C-9F00-D8854003283F}.Debug|x64.Build.0 = Debug|Any CPU
		{597614D3-8E99-422C-9F00-D8854003283F}.Debug|x86.ActiveCfg = Debug|Any CPU
		{597614D3-8E99-422C-9F00-D8854003283F}.Debug|x86.Build.0 = Debug|Any CPU
		{597614D3-8E99-422C-9F00-D8854003283F}.Release|Any CPU.ActiveCfg = Release|Any CPU
		{597614D3-8E99-422C-9F00-D8854003283F}.Release|Any CPU.Build.0 = Release|Any CPU
		{597614D3-8E99-422C-9F00-D8854003283F}.Release|x64.ActiveCfg = Release|Any CPU
		{597614D3-8E99-422C-9F00-D8854003283F}.Release|x64.Build.0 = Release|Any CPU
		{597614D3-8E99-422C-9F00-D8854003283F}.Release|x86.ActiveCfg = Release|Any CPU
		{597614D3-8E99-422C-9F00-D8854003283F}.Release|x86.Build.0 = Release|Any CPU
		{16D6F62C-BD9A-4941-AE23-EF4131C86363}.Debug|Any CPU.ActiveCfg = Debug|Any CPU
		{16D6F62C-BD9A-4941-AE23-EF4131C86363}.Debug|Any CPU.Build.0 = Debug|Any CPU
		{16D6F62C-BD9A-4941-AE23-EF4131C86363}.Debug|x64.ActiveCfg = Debug|Any CPU
		{16D6F62C-BD9A-4941-AE23-EF4131C86363}.Debug|x64.Build.0 = Debug|Any CPU
		{16D6F62C-BD9A-4941-AE23-EF4131C86363}.Debug|x86.ActiveCfg = Debug|Any CPU
		{16D6F62C-BD9A-4941-AE23-EF4131C86363}.Debug|x86.Build.0 = Debug|Any CPU
		{16D6F62C-BD9A-4941-AE23-EF4131C86363}.Release|Any CPU.ActiveCfg = Release|Any CPU
		{16D6F62C-BD9A-4941-AE23-EF4131C86363}.Release|Any CPU.Build.0 = Release|Any CPU
		{16D6F62C-BD9A-4941-AE23-EF4131C86363}.Release|x64.ActiveCfg = Release|Any CPU
		{16D6F62C-BD9A-4941-AE23-EF4131C86363}.Release|x64.Build.0 = Release|Any CPU
		{16D6F62C-BD9A-4941-AE23-EF4131C86363}.Release|x86.ActiveCfg = Release|Any CPU
		{16D6F62C-BD9A-4941-AE23-EF4131C86363}.Release|x86.Build.0 = Release|Any CPU
		{0C71C21D-7575-4CF4-9155-9C5467C318CD}.Debug|Any CPU.ActiveCfg = Debug|Any CPU
		{0C71C21D-7575-4CF4-9155-9C5467C318CD}.Debug|Any CPU.Build.0 = Debug|Any CPU
		{0C71C21D-7575-4CF4-9155-9C5467C318CD}.Debug|x64.ActiveCfg = Debug|Any CPU
		{0C71C21D-7575-4CF4-9155-9C5467C318CD}.Debug|x64.Build.0 = Debug|Any CPU
		{0C71C21D-7575-4CF4-9155-9C5467C318CD}.Debug|x86.ActiveCfg = Debug|Any CPU
		{0C71C21D-7575-4CF4-9155-9C5467C318CD}.Debug|x86.Build.0 = Debug|Any CPU
		{0C71C21D-7575-4CF4-9155-9C5467C318CD}.Release|Any CPU.ActiveCfg = Release|Any CPU
		{0C71C21D-7575-4CF4-9155-9C5467C318CD}.Release|Any CPU.Build.0 = Release|Any CPU
		{0C71C21D-7575-4CF4-9155-9C5467C318CD}.Release|x64.ActiveCfg = Release|Any CPU
		{0C71C21D-7575-4CF4-9155-9C5467C318CD}.Release|x64.Build.0 = Release|Any CPU
		{0C71C21D-7575-4CF4-9155-9C5467C318CD}.Release|x86.ActiveCfg = Release|Any CPU
		{0C71C21D-7575-4CF4-9155-9C5467C318CD}.Release|x86.Build.0 = Release|Any CPU
		{5F0796F0-14FA-45B5-81C0-AE10D1CB66E4}.Debug|Any CPU.ActiveCfg = Debug|Any CPU
		{5F0796F0-14FA-45B5-81C0-AE10D1CB66E4}.Debug|Any CPU.Build.0 = Debug|Any CPU
		{5F0796F0-14FA-45B5-81C0-AE10D1CB66E4}.Debug|x64.ActiveCfg = Debug|Any CPU
		{5F0796F0-14FA-45B5-81C0-AE10D1CB66E4}.Debug|x64.Build.0 = Debug|Any CPU
		{5F0796F0-14FA-45B5-81C0-AE10D1CB66E4}.Debug|x86.ActiveCfg = Debug|Any CPU
		{5F0796F0-14FA-45B5-81C0-AE10D1CB66E4}.Debug|x86.Build.0 = Debug|Any CPU
		{5F0796F0-14FA-45B5-81C0-AE10D1CB66E4}.Release|Any CPU.ActiveCfg = Release|Any CPU
		{5F0796F0-14FA-45B5-81C0-AE10D1CB66E4}.Release|Any CPU.Build.0 = Release|Any CPU
		{5F0796F0-14FA-45B5-81C0-AE10D1CB66E4}.Release|x64.ActiveCfg = Release|Any CPU
		{5F0796F0-14FA-45B5-81C0-AE10D1CB66E4}.Release|x64.Build.0 = Release|Any CPU
		{5F0796F0-14FA-45B5-81C0-AE10D1CB66E4}.Release|x86.ActiveCfg = Release|Any CPU
		{5F0796F0-14FA-45B5-81C0-AE10D1CB66E4}.Release|x86.Build.0 = Release|Any CPU
		{27B53331-3333-43CA-A886-A6BCF50C4B2C}.Debug|Any CPU.ActiveCfg = Debug|Any CPU
		{27B53331-3333-43CA-A886-A6BCF50C4B2C}.Debug|Any CPU.Build.0 = Debug|Any CPU
		{27B53331-3333-43CA-A886-A6BCF50C4B2C}.Debug|x64.ActiveCfg = Debug|Any CPU
		{27B53331-3333-43CA-A886-A6BCF50C4B2C}.Debug|x64.Build.0 = Debug|Any CPU
		{27B53331-3333-43CA-A886-A6BCF50C4B2C}.Debug|x86.ActiveCfg = Debug|Any CPU
		{27B53331-3333-43CA-A886-A6BCF50C4B2C}.Debug|x86.Build.0 = Debug|Any CPU
		{27B53331-3333-43CA-A886-A6BCF50C4B2C}.Release|Any CPU.ActiveCfg = Release|Any CPU
		{27B53331-3333-43CA-A886-A6BCF50C4B2C}.Release|Any CPU.Build.0 = Release|Any CPU
		{27B53331-3333-43CA-A886-A6BCF50C4B2C}.Release|x64.ActiveCfg = Release|Any CPU
		{27B53331-3333-43CA-A886-A6BCF50C4B2C}.Release|x64.Build.0 = Release|Any CPU
		{27B53331-3333-43CA-A886-A6BCF50C4B2C}.Release|x86.ActiveCfg = Release|Any CPU
		{27B53331-3333-43CA-A886-A6BCF50C4B2C}.Release|x86.Build.0 = Release|Any CPU
		{B09B651B-6AD7-4E23-9F80-7FB8DD4A65E7}.Debug|Any CPU.ActiveCfg = Debug|Any CPU
		{B09B651B-6AD7-4E23-9F80-7FB8DD4A65E7}.Debug|Any CPU.Build.0 = Debug|Any CPU
		{B09B651B-6AD7-4E23-9F80-7FB8DD4A65E7}.Debug|x64.ActiveCfg = Debug|Any CPU
		{B09B651B-6AD7-4E23-9F80-7FB8DD4A65E7}.Debug|x64.Build.0 = Debug|Any CPU
		{B09B651B-6AD7-4E23-9F80-7FB8DD4A65E7}.Debug|x86.ActiveCfg = Debug|Any CPU
		{B09B651B-6AD7-4E23-9F80-7FB8DD4A65E7}.Debug|x86.Build.0 = Debug|Any CPU
		{B09B651B-6AD7-4E23-9F80-7FB8DD4A65E7}.Release|Any CPU.ActiveCfg = Release|Any CPU
		{B09B651B-6AD7-4E23-9F80-7FB8DD4A65E7}.Release|Any CPU.Build.0 = Release|Any CPU
		{B09B651B-6AD7-4E23-9F80-7FB8DD4A65E7}.Release|x64.ActiveCfg = Release|Any CPU
		{B09B651B-6AD7-4E23-9F80-7FB8DD4A65E7}.Release|x64.Build.0 = Release|Any CPU
		{B09B651B-6AD7-4E23-9F80-7FB8DD4A65E7}.Release|x86.ActiveCfg = Release|Any CPU
		{B09B651B-6AD7-4E23-9F80-7FB8DD4A65E7}.Release|x86.Build.0 = Release|Any CPU
		{7789D2E4-E75C-43A3-B3F9-787F902922F2}.Debug|Any CPU.ActiveCfg = Debug|Any CPU
		{7789D2E4-E75C-43A3-B3F9-787F902922F2}.Debug|Any CPU.Build.0 = Debug|Any CPU
		{7789D2E4-E75C-43A3-B3F9-787F902922F2}.Debug|x64.ActiveCfg = Debug|Any CPU
		{7789D2E4-E75C-43A3-B3F9-787F902922F2}.Debug|x64.Build.0 = Debug|Any CPU
		{7789D2E4-E75C-43A3-B3F9-787F902922F2}.Debug|x86.ActiveCfg = Debug|Any CPU
		{7789D2E4-E75C-43A3-B3F9-787F902922F2}.Debug|x86.Build.0 = Debug|Any CPU
		{7789D2E4-E75C-43A3-B3F9-787F902922F2}.Release|Any CPU.ActiveCfg = Release|Any CPU
		{7789D2E4-E75C-43A3-B3F9-787F902922F2}.Release|Any CPU.Build.0 = Release|Any CPU
		{7789D2E4-E75C-43A3-B3F9-787F902922F2}.Release|x64.ActiveCfg = Release|Any CPU
		{7789D2E4-E75C-43A3-B3F9-787F902922F2}.Release|x64.Build.0 = Release|Any CPU
		{7789D2E4-E75C-43A3-B3F9-787F902922F2}.Release|x86.ActiveCfg = Release|Any CPU
		{7789D2E4-E75C-43A3-B3F9-787F902922F2}.Release|x86.Build.0 = Release|Any CPU
		{D2B972C3-6D1E-4D88-89C6-3D50742A827A}.Debug|Any CPU.ActiveCfg = Debug|Any CPU
		{D2B972C3-6D1E-4D88-89C6-3D50742A827A}.Debug|Any CPU.Build.0 = Debug|Any CPU
		{D2B972C3-6D1E-4D88-89C6-3D50742A827A}.Debug|x64.ActiveCfg = Debug|Any CPU
		{D2B972C3-6D1E-4D88-89C6-3D50742A827A}.Debug|x64.Build.0 = Debug|Any CPU
		{D2B972C3-6D1E-4D88-89C6-3D50742A827A}.Debug|x86.ActiveCfg = Debug|Any CPU
		{D2B972C3-6D1E-4D88-89C6-3D50742A827A}.Debug|x86.Build.0 = Debug|Any CPU
		{D2B972C3-6D1E-4D88-89C6-3D50742A827A}.Release|Any CPU.ActiveCfg = Release|Any CPU
		{D2B972C3-6D1E-4D88-89C6-3D50742A827A}.Release|Any CPU.Build.0 = Release|Any CPU
		{D2B972C3-6D1E-4D88-89C6-3D50742A827A}.Release|x64.ActiveCfg = Release|Any CPU
		{D2B972C3-6D1E-4D88-89C6-3D50742A827A}.Release|x64.Build.0 = Release|Any CPU
		{D2B972C3-6D1E-4D88-89C6-3D50742A827A}.Release|x86.ActiveCfg = Release|Any CPU
		{D2B972C3-6D1E-4D88-89C6-3D50742A827A}.Release|x86.Build.0 = Release|Any CPU
		{8FEECE8C-6C1D-4CDC-B806-A61D5260C278}.Debug|Any CPU.ActiveCfg = Debug|Any CPU
		{8FEECE8C-6C1D-4CDC-B806-A61D5260C278}.Debug|Any CPU.Build.0 = Debug|Any CPU
		{8FEECE8C-6C1D-4CDC-B806-A61D5260C278}.Debug|x64.ActiveCfg = Debug|Any CPU
		{8FEECE8C-6C1D-4CDC-B806-A61D5260C278}.Debug|x64.Build.0 = Debug|Any CPU
		{8FEECE8C-6C1D-4CDC-B806-A61D5260C278}.Debug|x86.ActiveCfg = Debug|Any CPU
		{8FEECE8C-6C1D-4CDC-B806-A61D5260C278}.Debug|x86.Build.0 = Debug|Any CPU
		{8FEECE8C-6C1D-4CDC-B806-A61D5260C278}.Release|Any CPU.ActiveCfg = Release|Any CPU
		{8FEECE8C-6C1D-4CDC-B806-A61D5260C278}.Release|Any CPU.Build.0 = Release|Any CPU
		{8FEECE8C-6C1D-4CDC-B806-A61D5260C278}.Release|x64.ActiveCfg = Release|Any CPU
		{8FEECE8C-6C1D-4CDC-B806-A61D5260C278}.Release|x64.Build.0 = Release|Any CPU
		{8FEECE8C-6C1D-4CDC-B806-A61D5260C278}.Release|x86.ActiveCfg = Release|Any CPU
		{8FEECE8C-6C1D-4CDC-B806-A61D5260C278}.Release|x86.Build.0 = Release|Any CPU
		{FC3164AA-33D3-480D-BD84-44F1A50FBBCD}.Debug|Any CPU.ActiveCfg = Debug|Any CPU
		{FC3164AA-33D3-480D-BD84-44F1A50FBBCD}.Debug|Any CPU.Build.0 = Debug|Any CPU
		{FC3164AA-33D3-480D-BD84-44F1A50FBBCD}.Debug|x64.ActiveCfg = Debug|Any CPU
		{FC3164AA-33D3-480D-BD84-44F1A50FBBCD}.Debug|x64.Build.0 = Debug|Any CPU
		{FC3164AA-33D3-480D-BD84-44F1A50FBBCD}.Debug|x86.ActiveCfg = Debug|Any CPU
		{FC3164AA-33D3-480D-BD84-44F1A50FBBCD}.Debug|x86.Build.0 = Debug|Any CPU
		{FC3164AA-33D3-480D-BD84-44F1A50FBBCD}.Release|Any CPU.ActiveCfg = Release|Any CPU
		{FC3164AA-33D3-480D-BD84-44F1A50FBBCD}.Release|Any CPU.Build.0 = Release|Any CPU
		{FC3164AA-33D3-480D-BD84-44F1A50FBBCD}.Release|x64.ActiveCfg = Release|Any CPU
		{FC3164AA-33D3-480D-BD84-44F1A50FBBCD}.Release|x64.Build.0 = Release|Any CPU
		{FC3164AA-33D3-480D-BD84-44F1A50FBBCD}.Release|x86.ActiveCfg = Release|Any CPU
		{FC3164AA-33D3-480D-BD84-44F1A50FBBCD}.Release|x86.Build.0 = Release|Any CPU
		{5368FEBF-9C29-45D3-ADCF-1E96C0C8E58B}.Debug|Any CPU.ActiveCfg = Debug|Any CPU
		{5368FEBF-9C29-45D3-ADCF-1E96C0C8E58B}.Debug|Any CPU.Build.0 = Debug|Any CPU
		{5368FEBF-9C29-45D3-ADCF-1E96C0C8E58B}.Debug|x64.ActiveCfg = Debug|Any CPU
		{5368FEBF-9C29-45D3-ADCF-1E96C0C8E58B}.Debug|x64.Build.0 = Debug|Any CPU
		{5368FEBF-9C29-45D3-ADCF-1E96C0C8E58B}.Debug|x86.ActiveCfg = Debug|Any CPU
		{5368FEBF-9C29-45D3-ADCF-1E96C0C8E58B}.Debug|x86.Build.0 = Debug|Any CPU
		{5368FEBF-9C29-45D3-ADCF-1E96C0C8E58B}.Release|Any CPU.ActiveCfg = Release|Any CPU
		{5368FEBF-9C29-45D3-ADCF-1E96C0C8E58B}.Release|Any CPU.Build.0 = Release|Any CPU
		{5368FEBF-9C29-45D3-ADCF-1E96C0C8E58B}.Release|x64.ActiveCfg = Release|Any CPU
		{5368FEBF-9C29-45D3-ADCF-1E96C0C8E58B}.Release|x64.Build.0 = Release|Any CPU
		{5368FEBF-9C29-45D3-ADCF-1E96C0C8E58B}.Release|x86.ActiveCfg = Release|Any CPU
		{5368FEBF-9C29-45D3-ADCF-1E96C0C8E58B}.Release|x86.Build.0 = Release|Any CPU
		{0021019F-36EB-4AC5-8E72-8A1261A55091}.Debug|Any CPU.ActiveCfg = Debug|Any CPU
		{0021019F-36EB-4AC5-8E72-8A1261A55091}.Debug|Any CPU.Build.0 = Debug|Any CPU
		{0021019F-36EB-4AC5-8E72-8A1261A55091}.Debug|x64.ActiveCfg = Debug|Any CPU
		{0021019F-36EB-4AC5-8E72-8A1261A55091}.Debug|x64.Build.0 = Debug|Any CPU
		{0021019F-36EB-4AC5-8E72-8A1261A55091}.Debug|x86.ActiveCfg = Debug|Any CPU
		{0021019F-36EB-4AC5-8E72-8A1261A55091}.Debug|x86.Build.0 = Debug|Any CPU
		{0021019F-36EB-4AC5-8E72-8A1261A55091}.Release|Any CPU.ActiveCfg = Release|Any CPU
		{0021019F-36EB-4AC5-8E72-8A1261A55091}.Release|Any CPU.Build.0 = Release|Any CPU
		{0021019F-36EB-4AC5-8E72-8A1261A55091}.Release|x64.ActiveCfg = Release|Any CPU
		{0021019F-36EB-4AC5-8E72-8A1261A55091}.Release|x64.Build.0 = Release|Any CPU
		{0021019F-36EB-4AC5-8E72-8A1261A55091}.Release|x86.ActiveCfg = Release|Any CPU
		{0021019F-36EB-4AC5-8E72-8A1261A55091}.Release|x86.Build.0 = Release|Any CPU
		{8B6688ED-62D7-4299-AED3-7BCF426D1931}.Debug|Any CPU.ActiveCfg = Debug|Any CPU
		{8B6688ED-62D7-4299-AED3-7BCF426D1931}.Debug|Any CPU.Build.0 = Debug|Any CPU
		{8B6688ED-62D7-4299-AED3-7BCF426D1931}.Debug|x64.ActiveCfg = Debug|Any CPU
		{8B6688ED-62D7-4299-AED3-7BCF426D1931}.Debug|x64.Build.0 = Debug|Any CPU
		{8B6688ED-62D7-4299-AED3-7BCF426D1931}.Debug|x86.ActiveCfg = Debug|Any CPU
		{8B6688ED-62D7-4299-AED3-7BCF426D1931}.Debug|x86.Build.0 = Debug|Any CPU
		{8B6688ED-62D7-4299-AED3-7BCF426D1931}.Release|Any CPU.ActiveCfg = Release|Any CPU
		{8B6688ED-62D7-4299-AED3-7BCF426D1931}.Release|Any CPU.Build.0 = Release|Any CPU
		{8B6688ED-62D7-4299-AED3-7BCF426D1931}.Release|x64.ActiveCfg = Release|Any CPU
		{8B6688ED-62D7-4299-AED3-7BCF426D1931}.Release|x64.Build.0 = Release|Any CPU
		{8B6688ED-62D7-4299-AED3-7BCF426D1931}.Release|x86.ActiveCfg = Release|Any CPU
		{8B6688ED-62D7-4299-AED3-7BCF426D1931}.Release|x86.Build.0 = Release|Any CPU
		{BF82AD16-94D9-4F7D-A146-60265854732C}.Debug|Any CPU.ActiveCfg = Debug|Any CPU
		{BF82AD16-94D9-4F7D-A146-60265854732C}.Debug|Any CPU.Build.0 = Debug|Any CPU
		{BF82AD16-94D9-4F7D-A146-60265854732C}.Debug|x64.ActiveCfg = Debug|Any CPU
		{BF82AD16-94D9-4F7D-A146-60265854732C}.Debug|x64.Build.0 = Debug|Any CPU
		{BF82AD16-94D9-4F7D-A146-60265854732C}.Debug|x86.ActiveCfg = Debug|Any CPU
		{BF82AD16-94D9-4F7D-A146-60265854732C}.Debug|x86.Build.0 = Debug|Any CPU
		{BF82AD16-94D9-4F7D-A146-60265854732C}.Release|Any CPU.ActiveCfg = Release|Any CPU
		{BF82AD16-94D9-4F7D-A146-60265854732C}.Release|Any CPU.Build.0 = Release|Any CPU
		{BF82AD16-94D9-4F7D-A146-60265854732C}.Release|x64.ActiveCfg = Release|Any CPU
		{BF82AD16-94D9-4F7D-A146-60265854732C}.Release|x64.Build.0 = Release|Any CPU
		{BF82AD16-94D9-4F7D-A146-60265854732C}.Release|x86.ActiveCfg = Release|Any CPU
		{BF82AD16-94D9-4F7D-A146-60265854732C}.Release|x86.Build.0 = Release|Any CPU
		{F0E41192-87EE-4A6C-B5CC-B241144B6C77}.Debug|Any CPU.ActiveCfg = Debug|Any CPU
		{F0E41192-87EE-4A6C-B5CC-B241144B6C77}.Debug|Any CPU.Build.0 = Debug|Any CPU
		{F0E41192-87EE-4A6C-B5CC-B241144B6C77}.Debug|x64.ActiveCfg = Debug|Any CPU
		{F0E41192-87EE-4A6C-B5CC-B241144B6C77}.Debug|x64.Build.0 = Debug|Any CPU
		{F0E41192-87EE-4A6C-B5CC-B241144B6C77}.Debug|x86.ActiveCfg = Debug|Any CPU
		{F0E41192-87EE-4A6C-B5CC-B241144B6C77}.Debug|x86.Build.0 = Debug|Any CPU
		{F0E41192-87EE-4A6C-B5CC-B241144B6C77}.Release|Any CPU.ActiveCfg = Release|Any CPU
		{F0E41192-87EE-4A6C-B5CC-B241144B6C77}.Release|Any CPU.Build.0 = Release|Any CPU
		{F0E41192-87EE-4A6C-B5CC-B241144B6C77}.Release|x64.ActiveCfg = Release|Any CPU
		{F0E41192-87EE-4A6C-B5CC-B241144B6C77}.Release|x64.Build.0 = Release|Any CPU
		{F0E41192-87EE-4A6C-B5CC-B241144B6C77}.Release|x86.ActiveCfg = Release|Any CPU
		{F0E41192-87EE-4A6C-B5CC-B241144B6C77}.Release|x86.Build.0 = Release|Any CPU
		{7920C6D2-B3FE-437F-88C8-20799841708B}.Debug|Any CPU.ActiveCfg = Debug|Any CPU
		{7920C6D2-B3FE-437F-88C8-20799841708B}.Debug|Any CPU.Build.0 = Debug|Any CPU
		{7920C6D2-B3FE-437F-88C8-20799841708B}.Debug|x64.ActiveCfg = Debug|Any CPU
		{7920C6D2-B3FE-437F-88C8-20799841708B}.Debug|x64.Build.0 = Debug|Any CPU
		{7920C6D2-B3FE-437F-88C8-20799841708B}.Debug|x86.ActiveCfg = Debug|Any CPU
		{7920C6D2-B3FE-437F-88C8-20799841708B}.Debug|x86.Build.0 = Debug|Any CPU
		{7920C6D2-B3FE-437F-88C8-20799841708B}.Release|Any CPU.ActiveCfg = Release|Any CPU
		{7920C6D2-B3FE-437F-88C8-20799841708B}.Release|Any CPU.Build.0 = Release|Any CPU
		{7920C6D2-B3FE-437F-88C8-20799841708B}.Release|x64.ActiveCfg = Release|Any CPU
		{7920C6D2-B3FE-437F-88C8-20799841708B}.Release|x64.Build.0 = Release|Any CPU
		{7920C6D2-B3FE-437F-88C8-20799841708B}.Release|x86.ActiveCfg = Release|Any CPU
		{7920C6D2-B3FE-437F-88C8-20799841708B}.Release|x86.Build.0 = Release|Any CPU
		{D9847D91-1358-485A-9288-5F2E34822E10}.Debug|Any CPU.ActiveCfg = Debug|Any CPU
		{D9847D91-1358-485A-9288-5F2E34822E10}.Debug|Any CPU.Build.0 = Debug|Any CPU
		{D9847D91-1358-485A-9288-5F2E34822E10}.Debug|x64.ActiveCfg = Debug|Any CPU
		{D9847D91-1358-485A-9288-5F2E34822E10}.Debug|x64.Build.0 = Debug|Any CPU
		{D9847D91-1358-485A-9288-5F2E34822E10}.Debug|x86.ActiveCfg = Debug|Any CPU
		{D9847D91-1358-485A-9288-5F2E34822E10}.Debug|x86.Build.0 = Debug|Any CPU
		{D9847D91-1358-485A-9288-5F2E34822E10}.Release|Any CPU.ActiveCfg = Release|Any CPU
		{D9847D91-1358-485A-9288-5F2E34822E10}.Release|Any CPU.Build.0 = Release|Any CPU
		{D9847D91-1358-485A-9288-5F2E34822E10}.Release|x64.ActiveCfg = Release|Any CPU
		{D9847D91-1358-485A-9288-5F2E34822E10}.Release|x64.Build.0 = Release|Any CPU
		{D9847D91-1358-485A-9288-5F2E34822E10}.Release|x86.ActiveCfg = Release|Any CPU
		{D9847D91-1358-485A-9288-5F2E34822E10}.Release|x86.Build.0 = Release|Any CPU
		{1DF34617-4F59-4A31-B2A0-FD4B06978C23}.Debug|Any CPU.ActiveCfg = Debug|Any CPU
		{1DF34617-4F59-4A31-B2A0-FD4B06978C23}.Debug|Any CPU.Build.0 = Debug|Any CPU
		{1DF34617-4F59-4A31-B2A0-FD4B06978C23}.Debug|x64.ActiveCfg = Debug|Any CPU
		{1DF34617-4F59-4A31-B2A0-FD4B06978C23}.Debug|x64.Build.0 = Debug|Any CPU
		{1DF34617-4F59-4A31-B2A0-FD4B06978C23}.Debug|x86.ActiveCfg = Debug|Any CPU
		{1DF34617-4F59-4A31-B2A0-FD4B06978C23}.Debug|x86.Build.0 = Debug|Any CPU
		{1DF34617-4F59-4A31-B2A0-FD4B06978C23}.Release|Any CPU.ActiveCfg = Release|Any CPU
		{1DF34617-4F59-4A31-B2A0-FD4B06978C23}.Release|Any CPU.Build.0 = Release|Any CPU
		{1DF34617-4F59-4A31-B2A0-FD4B06978C23}.Release|x64.ActiveCfg = Release|Any CPU
		{1DF34617-4F59-4A31-B2A0-FD4B06978C23}.Release|x64.Build.0 = Release|Any CPU
		{1DF34617-4F59-4A31-B2A0-FD4B06978C23}.Release|x86.ActiveCfg = Release|Any CPU
		{1DF34617-4F59-4A31-B2A0-FD4B06978C23}.Release|x86.Build.0 = Release|Any CPU
		{6C8139FD-313D-405D-9125-046D9D2758AF}.Debug|Any CPU.ActiveCfg = Debug|Any CPU
		{6C8139FD-313D-405D-9125-046D9D2758AF}.Debug|Any CPU.Build.0 = Debug|Any CPU
		{6C8139FD-313D-405D-9125-046D9D2758AF}.Debug|x64.ActiveCfg = Debug|Any CPU
		{6C8139FD-313D-405D-9125-046D9D2758AF}.Debug|x64.Build.0 = Debug|Any CPU
		{6C8139FD-313D-405D-9125-046D9D2758AF}.Debug|x86.ActiveCfg = Debug|Any CPU
		{6C8139FD-313D-405D-9125-046D9D2758AF}.Debug|x86.Build.0 = Debug|Any CPU
		{6C8139FD-313D-405D-9125-046D9D2758AF}.Release|Any CPU.ActiveCfg = Release|Any CPU
		{6C8139FD-313D-405D-9125-046D9D2758AF}.Release|Any CPU.Build.0 = Release|Any CPU
		{6C8139FD-313D-405D-9125-046D9D2758AF}.Release|x64.ActiveCfg = Release|Any CPU
		{6C8139FD-313D-405D-9125-046D9D2758AF}.Release|x64.Build.0 = Release|Any CPU
		{6C8139FD-313D-405D-9125-046D9D2758AF}.Release|x86.ActiveCfg = Release|Any CPU
		{6C8139FD-313D-405D-9125-046D9D2758AF}.Release|x86.Build.0 = Release|Any CPU
		{0768D739-49D1-45BA-9654-A5A79DF17CE4}.Debug|Any CPU.ActiveCfg = Debug|Any CPU
		{0768D739-49D1-45BA-9654-A5A79DF17CE4}.Debug|Any CPU.Build.0 = Debug|Any CPU
		{0768D739-49D1-45BA-9654-A5A79DF17CE4}.Debug|x64.ActiveCfg = Debug|Any CPU
		{0768D739-49D1-45BA-9654-A5A79DF17CE4}.Debug|x64.Build.0 = Debug|Any CPU
		{0768D739-49D1-45BA-9654-A5A79DF17CE4}.Debug|x86.ActiveCfg = Debug|Any CPU
		{0768D739-49D1-45BA-9654-A5A79DF17CE4}.Debug|x86.Build.0 = Debug|Any CPU
		{0768D739-49D1-45BA-9654-A5A79DF17CE4}.Release|Any CPU.ActiveCfg = Release|Any CPU
		{0768D739-49D1-45BA-9654-A5A79DF17CE4}.Release|Any CPU.Build.0 = Release|Any CPU
		{0768D739-49D1-45BA-9654-A5A79DF17CE4}.Release|x64.ActiveCfg = Release|Any CPU
		{0768D739-49D1-45BA-9654-A5A79DF17CE4}.Release|x64.Build.0 = Release|Any CPU
		{0768D739-49D1-45BA-9654-A5A79DF17CE4}.Release|x86.ActiveCfg = Release|Any CPU
		{0768D739-49D1-45BA-9654-A5A79DF17CE4}.Release|x86.Build.0 = Release|Any CPU
		{53F9D2DA-36AB-4AF4-9B8C-0F88686C2C0F}.Debug|Any CPU.ActiveCfg = Debug|Any CPU
		{53F9D2DA-36AB-4AF4-9B8C-0F88686C2C0F}.Debug|Any CPU.Build.0 = Debug|Any CPU
		{53F9D2DA-36AB-4AF4-9B8C-0F88686C2C0F}.Debug|x64.ActiveCfg = Debug|Any CPU
		{53F9D2DA-36AB-4AF4-9B8C-0F88686C2C0F}.Debug|x64.Build.0 = Debug|Any CPU
		{53F9D2DA-36AB-4AF4-9B8C-0F88686C2C0F}.Debug|x86.ActiveCfg = Debug|Any CPU
		{53F9D2DA-36AB-4AF4-9B8C-0F88686C2C0F}.Debug|x86.Build.0 = Debug|Any CPU
		{53F9D2DA-36AB-4AF4-9B8C-0F88686C2C0F}.Release|Any CPU.ActiveCfg = Release|Any CPU
		{53F9D2DA-36AB-4AF4-9B8C-0F88686C2C0F}.Release|Any CPU.Build.0 = Release|Any CPU
		{53F9D2DA-36AB-4AF4-9B8C-0F88686C2C0F}.Release|x64.ActiveCfg = Release|Any CPU
		{53F9D2DA-36AB-4AF4-9B8C-0F88686C2C0F}.Release|x64.Build.0 = Release|Any CPU
		{53F9D2DA-36AB-4AF4-9B8C-0F88686C2C0F}.Release|x86.ActiveCfg = Release|Any CPU
		{53F9D2DA-36AB-4AF4-9B8C-0F88686C2C0F}.Release|x86.Build.0 = Release|Any CPU
		{24D1D087-463E-4614-B124-8CC22132BE59}.Debug|Any CPU.ActiveCfg = Debug|Any CPU
		{24D1D087-463E-4614-B124-8CC22132BE59}.Debug|Any CPU.Build.0 = Debug|Any CPU
		{24D1D087-463E-4614-B124-8CC22132BE59}.Debug|x64.ActiveCfg = Debug|Any CPU
		{24D1D087-463E-4614-B124-8CC22132BE59}.Debug|x64.Build.0 = Debug|Any CPU
		{24D1D087-463E-4614-B124-8CC22132BE59}.Debug|x86.ActiveCfg = Debug|Any CPU
		{24D1D087-463E-4614-B124-8CC22132BE59}.Debug|x86.Build.0 = Debug|Any CPU
		{24D1D087-463E-4614-B124-8CC22132BE59}.Release|Any CPU.ActiveCfg = Release|Any CPU
		{24D1D087-463E-4614-B124-8CC22132BE59}.Release|Any CPU.Build.0 = Release|Any CPU
		{24D1D087-463E-4614-B124-8CC22132BE59}.Release|x64.ActiveCfg = Release|Any CPU
		{24D1D087-463E-4614-B124-8CC22132BE59}.Release|x64.Build.0 = Release|Any CPU
		{24D1D087-463E-4614-B124-8CC22132BE59}.Release|x86.ActiveCfg = Release|Any CPU
		{24D1D087-463E-4614-B124-8CC22132BE59}.Release|x86.Build.0 = Release|Any CPU
	EndGlobalSection
	GlobalSection(SolutionProperties) = preSolution
		HideSolutionNode = FALSE
	EndGlobalSection
	GlobalSection(NestedProjects) = preSolution
		{8B28D705-1831-4F10-9428-F6195237508D} = {827E0CD3-B72D-47B6-A68D-7590B98EB39B}
		{100BE36E-3591-47F3-B573-9EE289E28180} = {827E0CD3-B72D-47B6-A68D-7590B98EB39B}
		{AACC14F7-4AAC-42E1-8D6D-9A3838424D74} = {827E0CD3-B72D-47B6-A68D-7590B98EB39B}
		{42272EB0-B2A4-4E0D-8678-F9F408C6AF2A} = {0AB3BF05-4346-4AA6-1389-037BE0695223}
		{2A5DCC5C-49F4-48C1-85AD-2AEA43439E8C} = {0AB3BF05-4346-4AA6-1389-037BE0695223}
		{EC447DCF-ABFA-6E24-52A5-D7FD48A5C558} = {827E0CD3-B72D-47B6-A68D-7590B98EB39B}
		{0EC62A1A-9858-3A60-8A0C-FC9AACFA2EC7} = {EC447DCF-ABFA-6E24-52A5-D7FD48A5C558}
		{3AA652DE-D902-4292-9A92-5C18D3358FC4} = {0EC62A1A-9858-3A60-8A0C-FC9AACFA2EC7}
		{A2E1681E-BAAA-44C2-A957-0EE66DAE5F19} = {0EC62A1A-9858-3A60-8A0C-FC9AACFA2EC7}
		{B7504168-2F66-9EF4-E8D7-36B98062A6F8} = {EC447DCF-ABFA-6E24-52A5-D7FD48A5C558}
		{597614D3-8E99-422C-9F00-D8854003283F} = {B7504168-2F66-9EF4-E8D7-36B98062A6F8}
		{16D6F62C-BD9A-4941-AE23-EF4131C86363} = {B7504168-2F66-9EF4-E8D7-36B98062A6F8}
		{4229EDB8-0862-B55E-9945-90D59FE8EB87} = {EC447DCF-ABFA-6E24-52A5-D7FD48A5C558}
		{0C71C21D-7575-4CF4-9155-9C5467C318CD} = {4229EDB8-0862-B55E-9945-90D59FE8EB87}
		{5F0796F0-14FA-45B5-81C0-AE10D1CB66E4} = {4229EDB8-0862-B55E-9945-90D59FE8EB87}
		{19098D0F-33B3-953B-7C0B-D2B90D043C17} = {EC447DCF-ABFA-6E24-52A5-D7FD48A5C558}
		{27B53331-3333-43CA-A886-A6BCF50C4B2C} = {19098D0F-33B3-953B-7C0B-D2B90D043C17}
		{B09B651B-6AD7-4E23-9F80-7FB8DD4A65E7} = {19098D0F-33B3-953B-7C0B-D2B90D043C17}
		{F42B3E00-4F73-8B85-4DDB-8C5A8165D620} = {EC447DCF-ABFA-6E24-52A5-D7FD48A5C558}
		{7789D2E4-E75C-43A3-B3F9-787F902922F2} = {F42B3E00-4F73-8B85-4DDB-8C5A8165D620}
		{D2B972C3-6D1E-4D88-89C6-3D50742A827A} = {F42B3E00-4F73-8B85-4DDB-8C5A8165D620}
		{D2F8383C-F49B-E551-32D9-8814458A6CFF} = {EC447DCF-ABFA-6E24-52A5-D7FD48A5C558}
		{8FEECE8C-6C1D-4CDC-B806-A61D5260C278} = {D2F8383C-F49B-E551-32D9-8814458A6CFF}
		{FC3164AA-33D3-480D-BD84-44F1A50FBBCD} = {D2F8383C-F49B-E551-32D9-8814458A6CFF}
		{76F4B35A-831F-1921-2B2A-A16DE0C27185} = {EC447DCF-ABFA-6E24-52A5-D7FD48A5C558}
		{5368FEBF-9C29-45D3-ADCF-1E96C0C8E58B} = {76F4B35A-831F-1921-2B2A-A16DE0C27185}
		{0021019F-36EB-4AC5-8E72-8A1261A55091} = {76F4B35A-831F-1921-2B2A-A16DE0C27185}
		{DA0A0FAD-B77D-FDD6-35C5-001386650F99} = {EC447DCF-ABFA-6E24-52A5-D7FD48A5C558}
		{8B6688ED-62D7-4299-AED3-7BCF426D1931} = {DA0A0FAD-B77D-FDD6-35C5-001386650F99}
		{BF82AD16-94D9-4F7D-A146-60265854732C} = {DA0A0FAD-B77D-FDD6-35C5-001386650F99}
		{4F8133DB-A301-0A1E-3DDE-929E67CC9B96} = {EC447DCF-ABFA-6E24-52A5-D7FD48A5C558}
		{F0E41192-87EE-4A6C-B5CC-B241144B6C77} = {4F8133DB-A301-0A1E-3DDE-929E67CC9B96}
		{7920C6D2-B3FE-437F-88C8-20799841708B} = {4F8133DB-A301-0A1E-3DDE-929E67CC9B96}
		{400B2D50-D1BD-77E0-9E53-81A959DA81A3} = {EC447DCF-ABFA-6E24-52A5-D7FD48A5C558}
		{D9847D91-1358-485A-9288-5F2E34822E10} = {400B2D50-D1BD-77E0-9E53-81A959DA81A3}
		{1DF34617-4F59-4A31-B2A0-FD4B06978C23} = {400B2D50-D1BD-77E0-9E53-81A959DA81A3}
		{56E5D90E-91E3-9941-B8CA-D2F7A0F8799E} = {EC447DCF-ABFA-6E24-52A5-D7FD48A5C558}
		{6C8139FD-313D-405D-9125-046D9D2758AF} = {56E5D90E-91E3-9941-B8CA-D2F7A0F8799E}
		{0768D739-49D1-45BA-9654-A5A79DF17CE4} = {56E5D90E-91E3-9941-B8CA-D2F7A0F8799E}
		{3E4EA8C9-6738-911E-831A-7A87CA4E0601} = {EC447DCF-ABFA-6E24-52A5-D7FD48A5C558}
		{53F9D2DA-36AB-4AF4-9B8C-0F88686C2C0F} = {3E4EA8C9-6738-911E-831A-7A87CA4E0601}
		{24D1D087-463E-4614-B124-8CC22132BE59} = {3E4EA8C9-6738-911E-831A-7A87CA4E0601}
	EndGlobalSection
EndGlobal
